// !$*UTF8*$!
{
	archiveVersion = 1;
	classes = {
	};
	objectVersion = 50;
	objects = {

/* Begin PBXBuildFile section */
		160A3D8B24DA960900347574 /* EmployeeAPIApp.swift in Sources */ = {isa = PBXBuildFile; fileRef = 160A3D8A24DA960900347574 /* EmployeeAPIApp.swift */; };
		160A3D8D24DA960900347574 /* ContentView.swift in Sources */ = {isa = PBXBuildFile; fileRef = 160A3D8C24DA960900347574 /* ContentView.swift */; };
		160A3D8F24DA960B00347574 /* Assets.xcassets in Resources */ = {isa = PBXBuildFile; fileRef = 160A3D8E24DA960B00347574 /* Assets.xcassets */; };
		160A3D9224DA960B00347574 /* Preview Assets.xcassets in Resources */ = {isa = PBXBuildFile; fileRef = 160A3D9124DA960B00347574 /* Preview Assets.xcassets */; };
		16A27C1A24DE9DFC00C1CBC2 /* Data.swift in Sources */ = {isa = PBXBuildFile; fileRef = 16A27C1924DE9DFC00C1CBC2 /* Data.swift */; };
		16A27C1C24DEA1D300C1CBC2 /* AddEmployee.swift in Sources */ = {isa = PBXBuildFile; fileRef = 16A27C1B24DEA1D300C1CBC2 /* AddEmployee.swift */; };
		16A27C1E24DEA5AE00C1CBC2 /* UpdateUser.swift in Sources */ = {isa = PBXBuildFile; fileRef = 16A27C1D24DEA5AE00C1CBC2 /* UpdateUser.swift */; };
/* End PBXBuildFile section */

/* Begin PBXFileReference section */
		160A3D8724DA960900347574 /* EmployeeAPI.app */ = {isa = PBXFileReference; explicitFileType = wrapper.application; includeInIndex = 0; path = EmployeeAPI.app; sourceTree = BUILT_PRODUCTS_DIR; };
		160A3D8A24DA960900347574 /* EmployeeAPIApp.swift */ = {isa = PBXFileReference; lastKnownFileType = sourcecode.swift; path = EmployeeAPIApp.swift; sourceTree = "<group>"; };
		160A3D8C24DA960900347574 /* ContentView.swift */ = {isa = PBXFileReference; lastKnownFileType = sourcecode.swift; path = ContentView.swift; sourceTree = "<group>"; };
		160A3D8E24DA960B00347574 /* Assets.xcassets */ = {isa = PBXFileReference; lastKnownFileType = folder.assetcatalog; path = Assets.xcassets; sourceTree = "<group>"; };
		160A3D9124DA960B00347574 /* Preview Assets.xcassets */ = {isa = PBXFileReference; lastKnownFileType = folder.assetcatalog; path = "Preview Assets.xcassets"; sourceTree = "<group>"; };
		160A3D9324DA960B00347574 /* Info.plist */ = {isa = PBXFileReference; lastKnownFileType = text.plist.xml; path = Info.plist; sourceTree = "<group>"; };
		16A27C1924DE9DFC00C1CBC2 /* Data.swift */ = {isa = PBXFileReference; lastKnownFileType = sourcecode.swift; path = Data.swift; sourceTree = "<group>"; };
		16A27C1B24DEA1D300C1CBC2 /* AddEmployee.swift */ = {isa = PBXFileReference; lastKnownFileType = sourcecode.swift; path = AddEmployee.swift; sourceTree = "<group>"; };
		16A27C1D24DEA5AE00C1CBC2 /* UpdateUser.swift */ = {isa = PBXFileReference; lastKnownFileType = sourcecode.swift; path = UpdateUser.swift; sourceTree = "<group>"; };
/* End PBXFileReference section */

/* Begin PBXFrameworksBuildPhase section */
		160A3D8424DA960900347574 /* Frameworks */ = {
			isa = PBXFrameworksBuildPhase;
			buildActionMask = 2147483647;
			files = (
			);
			runOnlyForDeploymentPostprocessing = 0;
		};
/* End PBXFrameworksBuildPhase section */

/* Begin PBXGroup section */
		160A3D7E24DA960900347574 = {
			isa = PBXGroup;
			children = (
				160A3D8924DA960900347574 /* EmployeeAPI */,
				160A3D8824DA960900347574 /* Products */,
			);
			sourceTree = "<group>";
		};
		160A3D8824DA960900347574 /* Products */ = {
			isa = PBXGroup;
			children = (
				160A3D8724DA960900347574 /* EmployeeAPI.app */,
			);
			name = Products;
			sourceTree = "<group>";
		};
		160A3D8924DA960900347574 /* EmployeeAPI */ = {
			isa = PBXGroup;
			children = (
				160A3D8A24DA960900347574 /* EmployeeAPIApp.swift */,
				16A27C1924DE9DFC00C1CBC2 /* Data.swift */,
				160A3D8C24DA960900347574 /* ContentView.swift */,
				16A27C1B24DEA1D300C1CBC2 /* AddEmployee.swift */,
				16A27C1D24DEA5AE00C1CBC2 /* UpdateUser.swift */,
				160A3D8E24DA960B00347574 /* Assets.xcassets */,
				160A3D9324DA960B00347574 /* Info.plist */,
				160A3D9024DA960B00347574 /* Preview Content */,
			);
			path = EmployeeAPI;
			sourceTree = "<group>";
		};
		160A3D9024DA960B00347574 /* Preview Content */ = {
			isa = PBXGroup;
			children = (
				160A3D9124DA960B00347574 /* Preview Assets.xcassets */,
			);
			path = "Preview Content";
			sourceTree = "<group>";
		};
/* End PBXGroup section */

/* Begin PBXNativeTarget section */
		160A3D8624DA960900347574 /* EmployeeAPI */ = {
			isa = PBXNativeTarget;
			buildConfigurationList = 160A3D9624DA960B00347574 /* Build configuration list for PBXNativeTarget "EmployeeAPI" */;
			buildPhases = (
				160A3D8324DA960900347574 /* Sources */,
				160A3D8424DA960900347574 /* Frameworks */,
				160A3D8524DA960900347574 /* Resources */,
			);
			buildRules = (
			);
			dependencies = (
			);
			name = EmployeeAPI;
			productName = EmployeeAPI;
			productReference = 160A3D8724DA960900347574 /* EmployeeAPI.app */;
			productType = "com.apple.product-type.application";
		};
/* End PBXNativeTarget section */

/* Begin PBXProject section */
		160A3D7F24DA960900347574 /* Project object */ = {
			isa = PBXProject;
			attributes = {
				LastSwiftUpdateCheck = 1200;
				LastUpgradeCheck = 1200;
				TargetAttributes = {
					160A3D8624DA960900347574 = {
						CreatedOnToolsVersion = 12.0;
					};
				};
			};
			buildConfigurationList = 160A3D8224DA960900347574 /* Build configuration list for PBXProject "EmployeeAPI" */;
			compatibilityVersion = "Xcode 9.3";
			developmentRegion = en;
			hasScannedForEncodings = 0;
			knownRegions = (
				en,
				Base,
			);
			mainGroup = 160A3D7E24DA960900347574;
			productRefGroup = 160A3D8824DA960900347574 /* Products */;
			projectDirPath = "";
			projectRoot = "";
			targets = (
				160A3D8624DA960900347574 /* EmployeeAPI */,
			);
		};
/* End PBXProject section */

/* Begin PBXResourcesBuildPhase section */
		160A3D8524DA960900347574 /* Resources */ = {
			isa = PBXResourcesBuildPhase;
			buildActionMask = 2147483647;
			files = (
				160A3D9224DA960B00347574 /* Preview Assets.xcassets in Resources */,
				160A3D8F24DA960B00347574 /* Assets.xcassets in Resources */,
			);
			runOnlyForDeploymentPostprocessing = 0;
		};
/* End PBXResourcesBuildPhase section */

/* Begin PBXSourcesBuildPhase section */
		160A3D8324DA960900347574 /* Sources */ = {
			isa = PBXSourcesBuildPhase;
			buildActionMask = 2147483647;
			files = (
				160A3D8D24DA960900347574 /* ContentView.swift in Sources */,
				16A27C1E24DEA5AE00C1CBC2 /* UpdateUser.swift in Sources */,
				16A27C1C24DEA1D300C1CBC2 /* AddEmployee.swift in Sources */,
				16A27C1A24DE9DFC00C1CBC2 /* Data.swift in Sources */,
				160A3D8B24DA960900347574 /* EmployeeAPIApp.swift in Sources */,
			);
			runOnlyForDeploymentPostprocessing = 0;
		};
/* End PBXSourcesBuildPhase section */

/* Begin XCBuildConfiguration section */
		160A3D9424DA960B00347574 /* Debug */ = {
			isa = XCBuildConfiguration;
			buildSettings = {
				ALWAYS_SEARCH_USER_PATHS = NO;
				CLANG_ANALYZER_NONNULL = YES;
				CLANG_ANALYZER_NUMBER_OBJECT_CONVERSION = YES_AGGRESSIVE;
				CLANG_CXX_LANGUAGE_STANDARD = "gnu++14";
				CLANG_CXX_LIBRARY = "libc++";
				CLANG_ENABLE_MODULES = YES;
				CLANG_ENABLE_OBJC_ARC = YES;
				CLANG_ENABLE_OBJC_WEAK = YES;
				CLANG_WARN_BLOCK_CAPTURE_AUTORELEASING = YES;
				CLANG_WARN_BOOL_CONVERSION = YES;
				CLANG_WARN_COMMA = YES;
				CLANG_WARN_CONSTANT_CONVERSION = YES;
				CLANG_WARN_DEPRECATED_OBJC_IMPLEMENTATIONS = YES;
				CLANG_WARN_DIRECT_OBJC_ISA_USAGE = YES_ERROR;
				CLANG_WARN_DOCUMENTATION_COMMENTS = YES;
				CLANG_WARN_EMPTY_BODY = YES;
				CLANG_WARN_ENUM_CONVERSION = YES;
				CLANG_WARN_INFINITE_RECURSION = YES;
				CLANG_WARN_INT_CONVERSION = YES;
				CLANG_WARN_NON_LITERAL_NULL_CONVERSION = YES;
				CLANG_WARN_OBJC_IMPLICIT_RETAIN_SELF = YES;
				CLANG_WARN_OBJC_LITERAL_CONVERSION = YES;
				CLANG_WARN_OBJC_ROOT_CLASS = YES_ERROR;
				CLANG_WARN_QUOTED_INCLUDE_IN_FRAMEWORK_HEADER = YES;
				CLANG_WARN_RANGE_LOOP_ANALYSIS = YES;
				CLANG_WARN_STRICT_PROTOTYPES = YES;
				CLANG_WARN_SUSPICIOUS_MOVE = YES;
				CLANG_WARN_UNGUARDED_AVAILABILITY = YES_AGGRESSIVE;
				CLANG_WARN_UNREACHABLE_CODE = YES;
				CLANG_WARN__DUPLICATE_METHOD_MATCH = YES;
				COPY_PHASE_STRIP = NO;
				DEBUG_INFORMATION_FORMAT = dwarf;
				ENABLE_STRICT_OBJC_MSGSEND = YES;
				ENABLE_TESTABILITY = YES;
				GCC_C_LANGUAGE_STANDARD = gnu11;
				GCC_DYNAMIC_NO_PIC = NO;
				GCC_NO_COMMON_BLOCKS = YES;
				GCC_OPTIMIZATION_LEVEL = 0;
				GCC_PREPROCESSOR_DEFINITIONS = (
					"DEBUG=1",
					"$(inherited)",
				);
				GCC_WARN_64_TO_32_BIT_CONVERSION = YES;
				GCC_WARN_ABOUT_RETURN_TYPE = YES_ERROR;
				GCC_WARN_UNDECLARED_SELECTOR = YES;
				GCC_WARN_UNINITIALIZED_AUTOS = YES_AGGRESSIVE;
				GCC_WARN_UNUSED_FUNCTION = YES;
				GCC_WARN_UNUSED_VARIABLE = YES;
				IPHONEOS_DEPLOYMENT_TARGET = 14.0;
				MTL_ENABLE_DEBUG_INFO = INCLUDE_SOURCE;
				MTL_FAST_MATH = YES;
				ONLY_ACTIVE_ARCH = YES;
				SDKROOT = iphoneos;
				SWIFT_ACTIVE_COMPILATION_CONDITIONS = DEBUG;
				SWIFT_OPTIMIZATION_LEVEL = "-Onone";
			};
			name = Debug;
		};
		160A3D9524DA960B00347574 /* Release */ = {
			isa = XCBuildConfiguration;
			buildSettings = {
				ALWAYS_SEARCH_USER_PATHS = NO;
				CLANG_ANALYZER_NONNULL = YES;
				CLANG_ANALYZER_NUMBER_OBJECT_CONVERSION = YES_AGGRESSIVE;
				CLANG_CXX_LANGUAGE_STANDARD = "gnu++14";
				CLANG_CXX_LIBRARY = "libc++";
				CLANG_ENABLE_MODULES = YES;
				CLANG_ENABLE_OBJC_ARC = YES;
				CLANG_ENABLE_OBJC_WEAK = YES;
				CLANG_WARN_BLOCK_CAPTURE_AUTORELEASING = YES;
				CLANG_WARN_BOOL_CONVERSION = YES;
				CLANG_WARN_COMMA = YES;
				CLANG_WARN_CONSTANT_CONVERSION = YES;
				CLANG_WARN_DEPRECATED_OBJC_IMPLEMENTATIONS = YES;
				CLANG_WARN_DIRECT_OBJC_ISA_USAGE = YES_ERROR;
				CLANG_WARN_DOCUMENTATION_COMMENTS = YES;
				CLANG_WARN_EMPTY_BODY = YES;
				CLANG_WARN_ENUM_CONVERSION = YES;
				CLANG_WARN_INFINITE_RECURSION = YES;
				CLANG_WARN_INT_CONVERSION = YES;
				CLANG_WARN_NON_LITERAL_NULL_CONVERSION = YES;
				CLANG_WARN_OBJC_IMPLICIT_RETAIN_SELF = YES;
				CLANG_WARN_OBJC_LITERAL_CONVERSION = YES;
				CLANG_WARN_OBJC_ROOT_CLASS = YES_ERROR;
				CLANG_WARN_QUOTED_INCLUDE_IN_FRAMEWORK_HEADER = YES;
				CLANG_WARN_RANGE_LOOP_ANALYSIS = YES;
				CLANG_WARN_STRICT_PROTOTYPES = YES;
				CLANG_WARN_SUSPICIOUS_MOVE = YES;
				CLANG_WARN_UNGUARDED_AVAILABILITY = YES_AGGRESSIVE;
				CLANG_WARN_UNREACHABLE_CODE = YES;
				CLANG_WARN__DUPLICATE_METHOD_MATCH = YES;
				COPY_PHASE_STRIP = NO;
				DEBUG_INFORMATION_FORMAT = "dwarf-with-dsym";
				ENABLE_NS_ASSERTIONS = NO;
				ENABLE_STRICT_OBJC_MSGSEND = YES;
				GCC_C_LANGUAGE_STANDARD = gnu11;
				GCC_NO_COMMON_BLOCKS = YES;
				GCC_WARN_64_TO_32_BIT_CONVERSION = YES;
				GCC_WARN_ABOUT_RETURN_TYPE = YES_ERROR;
				GCC_WARN_UNDECLARED_SELECTOR = YES;
				GCC_WARN_UNINITIALIZED_AUTOS = YES_AGGRESSIVE;
				GCC_WARN_UNUSED_FUNCTION = YES;
				GCC_WARN_UNUSED_VARIABLE = YES;
				IPHONEOS_DEPLOYMENT_TARGET = 14.0;
				MTL_ENABLE_DEBUG_INFO = NO;
				MTL_FAST_MATH = YES;
				SDKROOT = iphoneos;
				SWIFT_COMPILATION_MODE = wholemodule;
				SWIFT_OPTIMIZATION_LEVEL = "-O";
				VALIDATE_PRODUCT = YES;
			};
			name = Release;
		};
		160A3D9724DA960B00347574 /* Debug */ = {
			isa = XCBuildConfiguration;
			buildSettings = {
				ASSETCATALOG_COMPILER_APPICON_NAME = AppIcon;
				ASSETCATALOG_COMPILER_GLOBAL_ACCENT_COLOR_NAME = AccentColor;
				CODE_SIGN_STYLE = Automatic;
				DEVELOPMENT_ASSET_PATHS = "\"EmployeeAPI/Preview Content\"";
				ENABLE_PREVIEWS = YES;
				INFOPLIST_FILE = EmployeeAPI/Info.plist;
				IPHONEOS_DEPLOYMENT_TARGET = 14.0;
				LD_RUNPATH_SEARCH_PATHS = (
					"$(inherited)",
					"@executable_path/Frameworks",
				);
				PRODUCT_BUNDLE_IDENTIFIER = usmanmukhtar.EmployeeAPI;
				PRODUCT_NAME = "$(TARGET_NAME)";
				SWIFT_VERSION = 5.0;
				TARGETED_DEVICE_FAMILY = "1,2";
			};
			name = Debug;
		};
		160A3D9824DA960B00347574 /* Release */ = {
			isa = XCBuildConfiguration;
			buildSettings = {
				ASSETCATALOG_COMPILER_APPICON_NAME = AppIcon;
				ASSETCATALOG_COMPILER_GLOBAL_ACCENT_COLOR_NAME = AccentColor;
				CODE_SIGN_STYLE = Automatic;
				DEVELOPMENT_ASSET_PATHS = "\"EmployeeAPI/Preview Content\"";
				ENABLE_PREVIEWS = YES;
				INFOPLIST_FILE = EmployeeAPI/Info.plist;
				IPHONEOS_DEPLOYMENT_TARGET = 14.0;
				LD_RUNPATH_SEARCH_PATHS = (
					"$(inherited)",
					"@executable_path/Frameworks",
				);
				PRODUCT_BUNDLE_IDENTIFIER = usmanmukhtar.EmployeeAPI;
				PRODUCT_NAME = "$(TARGET_NAME)";
				SWIFT_VERSION = 5.0;
				TARGETED_DEVICE_FAMILY = "1,2";
			};
			name = Release;
		};
/* End XCBuildConfiguration section */

/* Begin XCConfigurationList section */
		160A3D8224DA960900347574 /* Build configuration list for PBXProject "EmployeeAPI" */ = {
			isa = XCConfigurationList;
			buildConfigurations = (
				160A3D9424DA960B00347574 /* Debug */,
				160A3D9524DA960B00347574 /* Release */,
			);
			defaultConfigurationIsVisible = 0;
			defaultConfigurationName = Release;
		};
		160A3D9624DA960B00347574 /* Build configuration list for PBXNativeTarget "EmployeeAPI" */ = {
			isa = XCConfigurationList;
			buildConfigurations = (
				160A3D9724DA960B00347574 /* Debug */,
				160A3D9824DA960B00347574 /* Release */,
			);
			defaultConfigurationIsVisible = 0;
			defaultConfigurationName = Release;
		};
/* End XCConfigurationList section */
	};
	rootObject = 160A3D7F24DA960900347574 /* Project object */;
}
